
Microsoft Visual Studio Solution File, Format Version 12.00
Project("{FAE04EC0-301F-11D3-BF4B-00C04F79EFBC}") = "furry-profile", "furry-profile.csproj", "{29722D53-EFFE-49FD-AD0B-BDB2A1D8A342}"
EndProject
Global
	GlobalSection(SolutionConfigurationPlatforms) = preSolution
		Debug|Any CPU = Debug|Any CPU
		Release|Any CPU = Release|Any CPU
	EndGlobalSection
	GlobalSection(ProjectConfigurationPlatforms) = postSolution
		{29722D53-EFFE-49FD-AD0B-BDB2A1D8A342}.Debug|Any CPU.ActiveCfg = Debug|Any CPU
		{29722D53-EFFE-49FD-AD0B-BDB2A1D8A342}.Debug|Any CPU.Build.0 = Debug|Any CPU
		{29722D53-EFFE-49FD-AD0B-BDB2A1D8A342}.Release|Any CPU.ActiveCfg = Release|Any CPU
		{29722D53-EFFE-49FD-AD0B-BDB2A1D8A342}.Release|Any CPU.Build.0 = Release|Any CPU
	EndGlobalSection
EndGlobal
